// !$*UTF8*$!
{
	archiveVersion = 1;
	classes = {
	};
	objectVersion = 46;
	objects = {

/* Begin PBXBuildFile section */
		B83B022F1BDCC927009B12E4 /* UIView+Extra.m in Sources */ = {isa = PBXBuildFile; fileRef = B83B022E1BDCC927009B12E4 /* UIView+Extra.m */; };
		B83B02611BDD1561009B12E4 /* MKAnnotationView+WebCache.m in Sources */ = {isa = PBXBuildFile; fileRef = B83B02411BDD1561009B12E4 /* MKAnnotationView+WebCache.m */; };
		B83B02621BDD1561009B12E4 /* NSData+ImageContentType.m in Sources */ = {isa = PBXBuildFile; fileRef = B83B02431BDD1561009B12E4 /* NSData+ImageContentType.m */; };
		B83B02631BDD1561009B12E4 /* SDImageCache.m in Sources */ = {isa = PBXBuildFile; fileRef = B83B02451BDD1561009B12E4 /* SDImageCache.m */; };
		B83B02641BDD1561009B12E4 /* SDWebImageCompat.m in Sources */ = {isa = PBXBuildFile; fileRef = B83B02471BDD1561009B12E4 /* SDWebImageCompat.m */; };
		B83B02651BDD1561009B12E4 /* SDWebImageDecoder.m in Sources */ = {isa = PBXBuildFile; fileRef = B83B02491BDD1561009B12E4 /* SDWebImageDecoder.m */; };
		B83B02661BDD1561009B12E4 /* SDWebImageDownloader.m in Sources */ = {isa = PBXBuildFile; fileRef = B83B024B1BDD1561009B12E4 /* SDWebImageDownloader.m */; };
		B83B02671BDD1561009B12E4 /* SDWebImageDownloaderOperation.m in Sources */ = {isa = PBXBuildFile; fileRef = B83B024D1BDD1561009B12E4 /* SDWebImageDownloaderOperation.m */; };
		B83B02681BDD1561009B12E4 /* SDWebImageManager.m in Sources */ = {isa = PBXBuildFile; fileRef = B83B024F1BDD1561009B12E4 /* SDWebImageManager.m */; };
		B83B02691BDD1561009B12E4 /* SDWebImagePrefetcher.m in Sources */ = {isa = PBXBuildFile; fileRef = B83B02521BDD1561009B12E4 /* SDWebImagePrefetcher.m */; };
		B83B026A1BDD1561009B12E4 /* UIButton+WebCache.m in Sources */ = {isa = PBXBuildFile; fileRef = B83B02541BDD1561009B12E4 /* UIButton+WebCache.m */; };
		B83B026B1BDD1561009B12E4 /* UIImage+GIF.m in Sources */ = {isa = PBXBuildFile; fileRef = B83B02561BDD1561009B12E4 /* UIImage+GIF.m */; };
		B83B026C1BDD1561009B12E4 /* UIImage+MultiFormat.m in Sources */ = {isa = PBXBuildFile; fileRef = B83B02581BDD1561009B12E4 /* UIImage+MultiFormat.m */; };
		B83B026D1BDD1561009B12E4 /* UIImage+WebP.m in Sources */ = {isa = PBXBuildFile; fileRef = B83B025A1BDD1561009B12E4 /* UIImage+WebP.m */; };
		B83B026E1BDD1561009B12E4 /* UIImageView+HighlightedWebCache.m in Sources */ = {isa = PBXBuildFile; fileRef = B83B025C1BDD1561009B12E4 /* UIImageView+HighlightedWebCache.m */; };
		B83B026F1BDD1561009B12E4 /* UIImageView+WebCache.m in Sources */ = {isa = PBXBuildFile; fileRef = B83B025E1BDD1561009B12E4 /* UIImageView+WebCache.m */; };
		B83B02701BDD1561009B12E4 /* UIView+WebCacheOperation.m in Sources */ = {isa = PBXBuildFile; fileRef = B83B02601BDD1561009B12E4 /* UIView+WebCacheOperation.m */; };
		B83B02741BDD1F4D009B12E4 /* pic_url.plist in Resources */ = {isa = PBXBuildFile; fileRef = B83B02731BDD1F4D009B12E4 /* pic_url.plist */; };
		B83B02811BDD2326009B12E4 /* EGORefreshTableHeaderView.m in Sources */ = {isa = PBXBuildFile; fileRef = B83B02771BDD2326009B12E4 /* EGORefreshTableHeaderView.m */; settings = {COMPILER_FLAGS = "-fno-objc-arc"; }; };
		B83B02821BDD2326009B12E4 /* blackArrow.png in Resources */ = {isa = PBXBuildFile; fileRef = B83B02791BDD2326009B12E4 /* blackArrow.png */; };
		B83B02831BDD2326009B12E4 /* blackArrow@2x.png in Resources */ = {isa = PBXBuildFile; fileRef = B83B027A1BDD2326009B12E4 /* blackArrow@2x.png */; };
		B83B02841BDD2326009B12E4 /* blueArrow.png in Resources */ = {isa = PBXBuildFile; fileRef = B83B027B1BDD2326009B12E4 /* blueArrow.png */; };
		B83B02851BDD2326009B12E4 /* blueArrow@2x.png in Resources */ = {isa = PBXBuildFile; fileRef = B83B027C1BDD2326009B12E4 /* blueArrow@2x.png */; };
		B83B02861BDD2326009B12E4 /* grayArrow.png in Resources */ = {isa = PBXBuildFile; fileRef = B83B027D1BDD2326009B12E4 /* grayArrow.png */; };
		B83B02871BDD2326009B12E4 /* grayArrow@2x.png in Resources */ = {isa = PBXBuildFile; fileRef = B83B027E1BDD2326009B12E4 /* grayArrow@2x.png */; };
		B83B02881BDD2326009B12E4 /* whiteArrow.png in Resources */ = {isa = PBXBuildFile; fileRef = B83B027F1BDD2326009B12E4 /* whiteArrow.png */; };
		B83B02891BDD2326009B12E4 /* whiteArrow@2x.png in Resources */ = {isa = PBXBuildFile; fileRef = B83B02801BDD2326009B12E4 /* whiteArrow@2x.png */; };
		B85AD8A61BDCAFD000F346B1 /* main.m in Sources */ = {isa = PBXBuildFile; fileRef = B85AD8A51BDCAFD000F346B1 /* main.m */; };
		B85AD8A91BDCAFD000F346B1 /* AppDelegate.m in Sources */ = {isa = PBXBuildFile; fileRef = B85AD8A81BDCAFD000F346B1 /* AppDelegate.m */; };
		B85AD8AC1BDCAFD000F346B1 /* RootViewController.m in Sources */ = {isa = PBXBuildFile; fileRef = B85AD8AB1BDCAFD000F346B1 /* RootViewController.m */; };
		B85AD8B11BDCAFD000F346B1 /* Assets.xcassets in Resources */ = {isa = PBXBuildFile; fileRef = B85AD8B01BDCAFD000F346B1 /* Assets.xcassets */; };
		B85AD8BF1BDCAFD000F346B1 /* BGCollectionViewTests.m in Sources */ = {isa = PBXBuildFile; fileRef = B85AD8BE1BDCAFD000F346B1 /* BGCollectionViewTests.m */; };
		B85AD8CA1BDCAFD000F346B1 /* BGCollectionViewUITests.m in Sources */ = {isa = PBXBuildFile; fileRef = B85AD8C91BDCAFD000F346B1 /* BGCollectionViewUITests.m */; };
		B8BDBA141BE7C98A00F3FBCE /* BGCollectionView.m in Sources */ = {isa = PBXBuildFile; fileRef = B8BDBA0F1BE7C98A00F3FBCE /* BGCollectionView.m */; };
		B8BDBA151BE7C98A00F3FBCE /* BGCollectionViewCell.m in Sources */ = {isa = PBXBuildFile; fileRef = B8BDBA111BE7C98A00F3FBCE /* BGCollectionViewCell.m */; };
		B8BDBA161BE7C98A00F3FBCE /* BGCollectionViewFlowLayout.m in Sources */ = {isa = PBXBuildFile; fileRef = B8BDBA131BE7C98A00F3FBCE /* BGCollectionViewFlowLayout.m */; };
/* End PBXBuildFile section */

/* Begin PBXContainerItemProxy section */
		B85AD8BB1BDCAFD000F346B1 /* PBXContainerItemProxy */ = {
			isa = PBXContainerItemProxy;
			containerPortal = B85AD8991BDCAFD000F346B1 /* Project object */;
			proxyType = 1;
			remoteGlobalIDString = B85AD8A01BDCAFD000F346B1;
			remoteInfo = BGCollectionView;
		};
		B85AD8C61BDCAFD000F346B1 /* PBXContainerItemProxy */ = {
			isa = PBXContainerItemProxy;
			containerPortal = B85AD8991BDCAFD000F346B1 /* Project object */;
			proxyType = 1;
			remoteGlobalIDString = B85AD8A01BDCAFD000F346B1;
			remoteInfo = BGCollectionView;
		};
/* End PBXContainerItemProxy section */

/* Begin PBXFileReference section */
		B83B022D1BDCC927009B12E4 /* UIView+Extra.h */ = {isa = PBXFileReference; fileEncoding = 4; lastKnownFileType = sourcecode.c.h; path = "UIView+Extra.h"; sourceTree = "<group>"; };
		B83B022E1BDCC927009B12E4 /* UIView+Extra.m */ = {isa = PBXFileReference; fileEncoding = 4; lastKnownFileType = sourcecode.c.objc; path = "UIView+Extra.m"; sourceTree = "<group>"; };
		B83B02321BDCD077009B12E4 /* BGCollectionView-Prefix.pch */ = {isa = PBXFileReference; fileEncoding = 4; lastKnownFileType = sourcecode.c.h; path = "BGCollectionView-Prefix.pch"; sourceTree = "<group>"; };
		B83B02331BDCD0A3009B12E4 /* Common.h */ = {isa = PBXFileReference; fileEncoding = 4; lastKnownFileType = sourcecode.c.h; path = Common.h; sourceTree = "<group>"; };
		B83B02401BDD1561009B12E4 /* MKAnnotationView+WebCache.h */ = {isa = PBXFileReference; fileEncoding = 4; lastKnownFileType = sourcecode.c.h; path = "MKAnnotationView+WebCache.h"; sourceTree = "<group>"; };
		B83B02411BDD1561009B12E4 /* MKAnnotationView+WebCache.m */ = {isa = PBXFileReference; fileEncoding = 4; lastKnownFileType = sourcecode.c.objc; path = "MKAnnotationView+WebCache.m"; sourceTree = "<group>"; };
		B83B02421BDD1561009B12E4 /* NSData+ImageContentType.h */ = {isa = PBXFileReference; fileEncoding = 4; lastKnownFileType = sourcecode.c.h; path = "NSData+ImageContentType.h"; sourceTree = "<group>"; };
		B83B02431BDD1561009B12E4 /* NSData+ImageContentType.m */ = {isa = PBXFileReference; fileEncoding = 4; lastKnownFileType = sourcecode.c.objc; path = "NSData+ImageContentType.m"; sourceTree = "<group>"; };
		B83B02441BDD1561009B12E4 /* SDImageCache.h */ = {isa = PBXFileReference; fileEncoding = 4; lastKnownFileType = sourcecode.c.h; path = SDImageCache.h; sourceTree = "<group>"; };
		B83B02451BDD1561009B12E4 /* SDImageCache.m */ = {isa = PBXFileReference; fileEncoding = 4; lastKnownFileType = sourcecode.c.objc; path = SDImageCache.m; sourceTree = "<group>"; };
		B83B02461BDD1561009B12E4 /* SDWebImageCompat.h */ = {isa = PBXFileReference; fileEncoding = 4; lastKnownFileType = sourcecode.c.h; path = SDWebImageCompat.h; sourceTree = "<group>"; };
		B83B02471BDD1561009B12E4 /* SDWebImageCompat.m */ = {isa = PBXFileReference; fileEncoding = 4; lastKnownFileType = sourcecode.c.objc; path = SDWebImageCompat.m; sourceTree = "<group>"; };
		B83B02481BDD1561009B12E4 /* SDWebImageDecoder.h */ = {isa = PBXFileReference; fileEncoding = 4; lastKnownFileType = sourcecode.c.h; path = SDWebImageDecoder.h; sourceTree = "<group>"; };
		B83B02491BDD1561009B12E4 /* SDWebImageDecoder.m */ = {isa = PBXFileReference; fileEncoding = 4; lastKnownFileType = sourcecode.c.objc; path = SDWebImageDecoder.m; sourceTree = "<group>"; };
		B83B024A1BDD1561009B12E4 /* SDWebImageDownloader.h */ = {isa = PBXFileReference; fileEncoding = 4; lastKnownFileType = sourcecode.c.h; path = SDWebImageDownloader.h; sourceTree = "<group>"; };
		B83B024B1BDD1561009B12E4 /* SDWebImageDownloader.m */ = {isa = PBXFileReference; fileEncoding = 4; lastKnownFileType = sourcecode.c.objc; path = SDWebImageDownloader.m; sourceTree = "<group>"; };
		B83B024C1BDD1561009B12E4 /* SDWebImageDownloaderOperation.h */ = {isa = PBXFileReference; fileEncoding = 4; lastKnownFileType = sourcecode.c.h; path = SDWebImageDownloaderOperation.h; sourceTree = "<group>"; };
		B83B024D1BDD1561009B12E4 /* SDWebImageDownloaderOperation.m */ = {isa = PBXFileReference; fileEncoding = 4; lastKnownFileType = sourcecode.c.objc; path = SDWebImageDownloaderOperation.m; sourceTree = "<group>"; };
		B83B024E1BDD1561009B12E4 /* SDWebImageManager.h */ = {isa = PBXFileReference; fileEncoding = 4; lastKnownFileType = sourcecode.c.h; path = SDWebImageManager.h; sourceTree = "<group>"; };
		B83B024F1BDD1561009B12E4 /* SDWebImageManager.m */ = {isa = PBXFileReference; fileEncoding = 4; lastKnownFileType = sourcecode.c.objc; path = SDWebImageManager.m; sourceTree = "<group>"; };
		B83B02501BDD1561009B12E4 /* SDWebImageOperation.h */ = {isa = PBXFileReference; fileEncoding = 4; lastKnownFileType = sourcecode.c.h; path = SDWebImageOperation.h; sourceTree = "<group>"; };
		B83B02511BDD1561009B12E4 /* SDWebImagePrefetcher.h */ = {isa = PBXFileReference; fileEncoding = 4; lastKnownFileType = sourcecode.c.h; path = SDWebImagePrefetcher.h; sourceTree = "<group>"; };
		B83B02521BDD1561009B12E4 /* SDWebImagePrefetcher.m */ = {isa = PBXFileReference; fileEncoding = 4; lastKnownFileType = sourcecode.c.objc; path = SDWebImagePrefetcher.m; sourceTree = "<group>"; };
		B83B02531BDD1561009B12E4 /* UIButton+WebCache.h */ = {isa = PBXFileReference; fileEncoding = 4; lastKnownFileType = sourcecode.c.h; path = "UIButton+WebCache.h"; sourceTree = "<group>"; };
		B83B02541BDD1561009B12E4 /* UIButton+WebCache.m */ = {isa = PBXFileReference; fileEncoding = 4; lastKnownFileType = sourcecode.c.objc; path = "UIButton+WebCache.m"; sourceTree = "<group>"; };
		B83B02551BDD1561009B12E4 /* UIImage+GIF.h */ = {isa = PBXFileReference; fileEncoding = 4; lastKnownFileType = sourcecode.c.h; path = "UIImage+GIF.h"; sourceTree = "<group>"; };
		B83B02561BDD1561009B12E4 /* UIImage+GIF.m */ = {isa = PBXFileReference; fileEncoding = 4; lastKnownFileType = sourcecode.c.objc; path = "UIImage+GIF.m"; sourceTree = "<group>"; };
		B83B02571BDD1561009B12E4 /* UIImage+MultiFormat.h */ = {isa = PBXFileReference; fileEncoding = 4; lastKnownFileType = sourcecode.c.h; path = "UIImage+MultiFormat.h"; sourceTree = "<group>"; };
		B83B02581BDD1561009B12E4 /* UIImage+MultiFormat.m */ = {isa = PBXFileReference; fileEncoding = 4; lastKnownFileType = sourcecode.c.objc; path = "UIImage+MultiFormat.m"; sourceTree = "<group>"; };
		B83B02591BDD1561009B12E4 /* UIImage+WebP.h */ = {isa = PBXFileReference; fileEncoding = 4; lastKnownFileType = sourcecode.c.h; path = "UIImage+WebP.h"; sourceTree = "<group>"; };
		B83B025A1BDD1561009B12E4 /* UIImage+WebP.m */ = {isa = PBXFileReference; fileEncoding = 4; lastKnownFileType = sourcecode.c.objc; path = "UIImage+WebP.m"; sourceTree = "<group>"; };
		B83B025B1BDD1561009B12E4 /* UIImageView+HighlightedWebCache.h */ = {isa = PBXFileReference; fileEncoding = 4; lastKnownFileType = sourcecode.c.h; path = "UIImageView+HighlightedWebCache.h"; sourceTree = "<group>"; };
		B83B025C1BDD1561009B12E4 /* UIImageView+HighlightedWebCache.m */ = {isa = PBXFileReference; fileEncoding = 4; lastKnownFileType = sourcecode.c.objc; path = "UIImageView+HighlightedWebCache.m"; sourceTree = "<group>"; };
		B83B025D1BDD1561009B12E4 /* UIImageView+WebCache.h */ = {isa = PBXFileReference; fileEncoding = 4; lastKnownFileType = sourcecode.c.h; path = "UIImageView+WebCache.h"; sourceTree = "<group>"; };
		B83B025E1BDD1561009B12E4 /* UIImageView+WebCache.m */ = {isa = PBXFileReference; fileEncoding = 4; lastKnownFileType = sourcecode.c.objc; path = "UIImageView+WebCache.m"; sourceTree = "<group>"; };
		B83B025F1BDD1561009B12E4 /* UIView+WebCacheOperation.h */ = {isa = PBXFileReference; fileEncoding = 4; lastKnownFileType = sourcecode.c.h; path = "UIView+WebCacheOperation.h"; sourceTree = "<group>"; };
		B83B02601BDD1561009B12E4 /* UIView+WebCacheOperation.m */ = {isa = PBXFileReference; fileEncoding = 4; lastKnownFileType = sourcecode.c.objc; path = "UIView+WebCacheOperation.m"; sourceTree = "<group>"; };
		B83B02731BDD1F4D009B12E4 /* pic_url.plist */ = {isa = PBXFileReference; fileEncoding = 4; lastKnownFileType = text.plist.xml; path = pic_url.plist; sourceTree = "<group>"; };
		B83B02761BDD2326009B12E4 /* EGORefreshTableHeaderView.h */ = {isa = PBXFileReference; fileEncoding = 4; lastKnownFileType = sourcecode.c.h; path = EGORefreshTableHeaderView.h; sourceTree = "<group>"; };
		B83B02771BDD2326009B12E4 /* EGORefreshTableHeaderView.m */ = {isa = PBXFileReference; fileEncoding = 4; lastKnownFileType = sourcecode.c.objc; path = EGORefreshTableHeaderView.m; sourceTree = "<group>"; };
		B83B02791BDD2326009B12E4 /* blackArrow.png */ = {isa = PBXFileReference; lastKnownFileType = image.png; path = blackArrow.png; sourceTree = "<group>"; };
		B83B027A1BDD2326009B12E4 /* blackArrow@2x.png */ = {isa = PBXFileReference; lastKnownFileType = image.png; path = "blackArrow@2x.png"; sourceTree = "<group>"; };
		B83B027B1BDD2326009B12E4 /* blueArrow.png */ = {isa = PBXFileReference; lastKnownFileType = image.png; path = blueArrow.png; sourceTree = "<group>"; };
		B83B027C1BDD2326009B12E4 /* blueArrow@2x.png */ = {isa = PBXFileReference; lastKnownFileType = image.png; path = "blueArrow@2x.png"; sourceTree = "<group>"; };
		B83B027D1BDD2326009B12E4 /* grayArrow.png */ = {isa = PBXFileReference; lastKnownFileType = image.png; path = grayArrow.png; sourceTree = "<group>"; };
		B83B027E1BDD2326009B12E4 /* grayArrow@2x.png */ = {isa = PBXFileReference; lastKnownFileType = image.png; path = "grayArrow@2x.png"; sourceTree = "<group>"; };
		B83B027F1BDD2326009B12E4 /* whiteArrow.png */ = {isa = PBXFileReference; lastKnownFileType = image.png; path = whiteArrow.png; sourceTree = "<group>"; };
		B83B02801BDD2326009B12E4 /* whiteArrow@2x.png */ = {isa = PBXFileReference; lastKnownFileType = image.png; path = "whiteArrow@2x.png"; sourceTree = "<group>"; };
		B85AD8A11BDCAFD000F346B1 /* BGCollectionView.app */ = {isa = PBXFileReference; explicitFileType = wrapper.application; includeInIndex = 0; path = BGCollectionView.app; sourceTree = BUILT_PRODUCTS_DIR; };
		B85AD8A51BDCAFD000F346B1 /* main.m */ = {isa = PBXFileReference; lastKnownFileType = sourcecode.c.objc; path = main.m; sourceTree = "<group>"; };
		B85AD8A71BDCAFD000F346B1 /* AppDelegate.h */ = {isa = PBXFileReference; lastKnownFileType = sourcecode.c.h; path = AppDelegate.h; sourceTree = "<group>"; };
		B85AD8A81BDCAFD000F346B1 /* AppDelegate.m */ = {isa = PBXFileReference; lastKnownFileType = sourcecode.c.objc; path = AppDelegate.m; sourceTree = "<group>"; };
		B85AD8AA1BDCAFD000F346B1 /* RootViewController.h */ = {isa = PBXFileReference; lastKnownFileType = sourcecode.c.h; path = RootViewController.h; sourceTree = "<group>"; };
		B85AD8AB1BDCAFD000F346B1 /* RootViewController.m */ = {isa = PBXFileReference; lastKnownFileType = sourcecode.c.objc; path = RootViewController.m; sourceTree = "<group>"; };
		B85AD8B01BDCAFD000F346B1 /* Assets.xcassets */ = {isa = PBXFileReference; lastKnownFileType = folder.assetcatalog; path = Assets.xcassets; sourceTree = "<group>"; };
		B85AD8B51BDCAFD000F346B1 /* Info.plist */ = {isa = PBXFileReference; lastKnownFileType = text.plist.xml; path = Info.plist; sourceTree = "<group>"; };
		B85AD8BA1BDCAFD000F346B1 /* BGCollectionViewTests.xctest */ = {isa = PBXFileReference; explicitFileType = wrapper.cfbundle; includeInIndex = 0; path = BGCollectionViewTests.xctest; sourceTree = BUILT_PRODUCTS_DIR; };
		B85AD8BE1BDCAFD000F346B1 /* BGCollectionViewTests.m */ = {isa = PBXFileReference; lastKnownFileType = sourcecode.c.objc; path = BGCollectionViewTests.m; sourceTree = "<group>"; };
		B85AD8C01BDCAFD000F346B1 /* Info.plist */ = {isa = PBXFileReference; lastKnownFileType = text.plist.xml; path = Info.plist; sourceTree = "<group>"; };
		B85AD8C51BDCAFD000F346B1 /* BGCollectionViewUITests.xctest */ = {isa = PBXFileReference; explicitFileType = wrapper.cfbundle; includeInIndex = 0; path = BGCollectionViewUITests.xctest; sourceTree = BUILT_PRODUCTS_DIR; };
		B85AD8C91BDCAFD000F346B1 /* BGCollectionViewUITests.m */ = {isa = PBXFileReference; lastKnownFileType = sourcecode.c.objc; path = BGCollectionViewUITests.m; sourceTree = "<group>"; };
		B85AD8CB1BDCAFD000F346B1 /* Info.plist */ = {isa = PBXFileReference; lastKnownFileType = text.plist.xml; path = Info.plist; sourceTree = "<group>"; };
		B8BDBA0E1BE7C98A00F3FBCE /* BGCollectionView.h */ = {isa = PBXFileReference; fileEncoding = 4; lastKnownFileType = sourcecode.c.h; path = BGCollectionView.h; sourceTree = "<group>"; };
		B8BDBA0F1BE7C98A00F3FBCE /* BGCollectionView.m */ = {isa = PBXFileReference; fileEncoding = 4; lastKnownFileType = sourcecode.c.objc; path = BGCollectionView.m; sourceTree = "<group>"; };
		B8BDBA101BE7C98A00F3FBCE /* BGCollectionViewCell.h */ = {isa = PBXFileReference; fileEncoding = 4; lastKnownFileType = sourcecode.c.h; path = BGCollectionViewCell.h; sourceTree = "<group>"; };
		B8BDBA111BE7C98A00F3FBCE /* BGCollectionViewCell.m */ = {isa = PBXFileReference; fileEncoding = 4; lastKnownFileType = sourcecode.c.objc; path = BGCollectionViewCell.m; sourceTree = "<group>"; };
		B8BDBA121BE7C98A00F3FBCE /* BGCollectionViewFlowLayout.h */ = {isa = PBXFileReference; fileEncoding = 4; lastKnownFileType = sourcecode.c.h; path = BGCollectionViewFlowLayout.h; sourceTree = "<group>"; };
		B8BDBA131BE7C98A00F3FBCE /* BGCollectionViewFlowLayout.m */ = {isa = PBXFileReference; fileEncoding = 4; lastKnownFileType = sourcecode.c.objc; path = BGCollectionViewFlowLayout.m; sourceTree = "<group>"; };
/* End PBXFileReference section */

/* Begin PBXFrameworksBuildPhase section */
		B85AD89E1BDCAFD000F346B1 /* Frameworks */ = {
			isa = PBXFrameworksBuildPhase;
			buildActionMask = 2147483647;
			files = (
			);
			runOnlyForDeploymentPostprocessing = 0;
		};
		B85AD8B71BDCAFD000F346B1 /* Frameworks */ = {
			isa = PBXFrameworksBuildPhase;
			buildActionMask = 2147483647;
			files = (
			);
			runOnlyForDeploymentPostprocessing = 0;
		};
		B85AD8C21BDCAFD000F346B1 /* Frameworks */ = {
			isa = PBXFrameworksBuildPhase;
			buildActionMask = 2147483647;
			files = (
			);
			runOnlyForDeploymentPostprocessing = 0;
		};
/* End PBXFrameworksBuildPhase section */

/* Begin PBXGroup section */
		B83B02301BDCC937009B12E4 /* extension */ = {
			isa = PBXGroup;
			children = (
				B83B022D1BDCC927009B12E4 /* UIView+Extra.h */,
				B83B022E1BDCC927009B12E4 /* UIView+Extra.m */,
			);
			name = extension;
			sourceTree = "<group>";
		};
		B83B023F1BDD1561009B12E4 /* SDWebImage */ = {
			isa = PBXGroup;
			children = (
				B83B02401BDD1561009B12E4 /* MKAnnotationView+WebCache.h */,
				B83B02411BDD1561009B12E4 /* MKAnnotationView+WebCache.m */,
				B83B02421BDD1561009B12E4 /* NSData+ImageContentType.h */,
				B83B02431BDD1561009B12E4 /* NSData+ImageContentType.m */,
				B83B02441BDD1561009B12E4 /* SDImageCache.h */,
				B83B02451BDD1561009B12E4 /* SDImageCache.m */,
				B83B02461BDD1561009B12E4 /* SDWebImageCompat.h */,
				B83B02471BDD1561009B12E4 /* SDWebImageCompat.m */,
				B83B02481BDD1561009B12E4 /* SDWebImageDecoder.h */,
				B83B02491BDD1561009B12E4 /* SDWebImageDecoder.m */,
				B83B024A1BDD1561009B12E4 /* SDWebImageDownloader.h */,
				B83B024B1BDD1561009B12E4 /* SDWebImageDownloader.m */,
				B83B024C1BDD1561009B12E4 /* SDWebImageDownloaderOperation.h */,
				B83B024D1BDD1561009B12E4 /* SDWebImageDownloaderOperation.m */,
				B83B024E1BDD1561009B12E4 /* SDWebImageManager.h */,
				B83B024F1BDD1561009B12E4 /* SDWebImageManager.m */,
				B83B02501BDD1561009B12E4 /* SDWebImageOperation.h */,
				B83B02511BDD1561009B12E4 /* SDWebImagePrefetcher.h */,
				B83B02521BDD1561009B12E4 /* SDWebImagePrefetcher.m */,
				B83B02531BDD1561009B12E4 /* UIButton+WebCache.h */,
				B83B02541BDD1561009B12E4 /* UIButton+WebCache.m */,
				B83B02551BDD1561009B12E4 /* UIImage+GIF.h */,
				B83B02561BDD1561009B12E4 /* UIImage+GIF.m */,
				B83B02571BDD1561009B12E4 /* UIImage+MultiFormat.h */,
				B83B02581BDD1561009B12E4 /* UIImage+MultiFormat.m */,
				B83B02591BDD1561009B12E4 /* UIImage+WebP.h */,
				B83B025A1BDD1561009B12E4 /* UIImage+WebP.m */,
				B83B025B1BDD1561009B12E4 /* UIImageView+HighlightedWebCache.h */,
				B83B025C1BDD1561009B12E4 /* UIImageView+HighlightedWebCache.m */,
				B83B025D1BDD1561009B12E4 /* UIImageView+WebCache.h */,
				B83B025E1BDD1561009B12E4 /* UIImageView+WebCache.m */,
				B83B025F1BDD1561009B12E4 /* UIView+WebCacheOperation.h */,
				B83B02601BDD1561009B12E4 /* UIView+WebCacheOperation.m */,
			);
			path = SDWebImage;
			sourceTree = "<group>";
		};
		B83B02751BDD2326009B12E4 /* EGOTableViewPullRefresh */ = {
			isa = PBXGroup;
			children = (
				B83B02761BDD2326009B12E4 /* EGORefreshTableHeaderView.h */,
				B83B02771BDD2326009B12E4 /* EGORefreshTableHeaderView.m */,
				B83B02781BDD2326009B12E4 /* Resources */,
			);
			path = EGOTableViewPullRefresh;
			sourceTree = "<group>";
		};
		B83B02781BDD2326009B12E4 /* Resources */ = {
			isa = PBXGroup;
			children = (
				B83B02791BDD2326009B12E4 /* blackArrow.png */,
				B83B027A1BDD2326009B12E4 /* blackArrow@2x.png */,
				B83B027B1BDD2326009B12E4 /* blueArrow.png */,
				B83B027C1BDD2326009B12E4 /* blueArrow@2x.png */,
				B83B027D1BDD2326009B12E4 /* grayArrow.png */,
				B83B027E1BDD2326009B12E4 /* grayArrow@2x.png */,
				B83B027F1BDD2326009B12E4 /* whiteArrow.png */,
				B83B02801BDD2326009B12E4 /* whiteArrow@2x.png */,
			);
			path = Resources;
			sourceTree = "<group>";
		};
		B85AD8981BDCAFD000F346B1 = {
			isa = PBXGroup;
			children = (
				B85AD8A31BDCAFD000F346B1 /* BGCollectionView */,
				B85AD8BD1BDCAFD000F346B1 /* BGCollectionViewTests */,
				B85AD8C81BDCAFD000F346B1 /* BGCollectionViewUITests */,
				B85AD8A21BDCAFD000F346B1 /* Products */,
			);
			sourceTree = "<group>";
		};
		B85AD8A21BDCAFD000F346B1 /* Products */ = {
			isa = PBXGroup;
			children = (
				B85AD8A11BDCAFD000F346B1 /* BGCollectionView.app */,
				B85AD8BA1BDCAFD000F346B1 /* BGCollectionViewTests.xctest */,
				B85AD8C51BDCAFD000F346B1 /* BGCollectionViewUITests.xctest */,
			);
			name = Products;
			sourceTree = "<group>";
		};
		B85AD8A31BDCAFD000F346B1 /* BGCollectionView */ = {
			isa = PBXGroup;
			children = (
				B85AD8A71BDCAFD000F346B1 /* AppDelegate.h */,
				B85AD8A81BDCAFD000F346B1 /* AppDelegate.m */,
				B85AD8AA1BDCAFD000F346B1 /* RootViewController.h */,
				B85AD8AB1BDCAFD000F346B1 /* RootViewController.m */,
				B83B02331BDCD0A3009B12E4 /* Common.h */,
				B8BDBA0D1BE7C98A00F3FBCE /* WaterFlow */,
				B83B02751BDD2326009B12E4 /* EGOTableViewPullRefresh */,
				B83B023F1BDD1561009B12E4 /* SDWebImage */,
				B83B02301BDCC937009B12E4 /* extension */,
				B85AD8B01BDCAFD000F346B1 /* Assets.xcassets */,
				B85AD8A41BDCAFD000F346B1 /* Supporting Files */,
			);
			path = BGCollectionView;
			sourceTree = "<group>";
		};
		B85AD8A41BDCAFD000F346B1 /* Supporting Files */ = {
			isa = PBXGroup;
			children = (
				B85AD8B51BDCAFD000F346B1 /* Info.plist */,
				B83B02731BDD1F4D009B12E4 /* pic_url.plist */,
				B85AD8A51BDCAFD000F346B1 /* main.m */,
				B83B02321BDCD077009B12E4 /* BGCollectionView-Prefix.pch */,
			);
			name = "Supporting Files";
			sourceTree = "<group>";
		};
		B85AD8BD1BDCAFD000F346B1 /* BGCollectionViewTests */ = {
			isa = PBXGroup;
			children = (
				B85AD8BE1BDCAFD000F346B1 /* BGCollectionViewTests.m */,
				B85AD8C01BDCAFD000F346B1 /* Info.plist */,
			);
			path = BGCollectionViewTests;
			sourceTree = "<group>";
		};
		B85AD8C81BDCAFD000F346B1 /* BGCollectionViewUITests */ = {
			isa = PBXGroup;
			children = (
				B85AD8C91BDCAFD000F346B1 /* BGCollectionViewUITests.m */,
				B85AD8CB1BDCAFD000F346B1 /* Info.plist */,
			);
			path = BGCollectionViewUITests;
			sourceTree = "<group>";
		};
		B8BDBA0D1BE7C98A00F3FBCE /* WaterFlow */ = {
			isa = PBXGroup;
			children = (
				B8BDBA0E1BE7C98A00F3FBCE /* BGCollectionView.h */,
				B8BDBA0F1BE7C98A00F3FBCE /* BGCollectionView.m */,
				B8BDBA101BE7C98A00F3FBCE /* BGCollectionViewCell.h */,
				B8BDBA111BE7C98A00F3FBCE /* BGCollectionViewCell.m */,
				B8BDBA121BE7C98A00F3FBCE /* BGCollectionViewFlowLayout.h */,
				B8BDBA131BE7C98A00F3FBCE /* BGCollectionViewFlowLayout.m */,
			);
			path = WaterFlow;
			sourceTree = SOURCE_ROOT;
		};
/* End PBXGroup section */

/* Begin PBXNativeTarget section */
		B85AD8A01BDCAFD000F346B1 /* BGCollectionView */ = {
			isa = PBXNativeTarget;
			buildConfigurationList = B85AD8CE1BDCAFD000F346B1 /* Build configuration list for PBXNativeTarget "BGCollectionView" */;
			buildPhases = (
				B85AD89D1BDCAFD000F346B1 /* Sources */,
				B85AD89E1BDCAFD000F346B1 /* Frameworks */,
				B85AD89F1BDCAFD000F346B1 /* Resources */,
			);
			buildRules = (
			);
			dependencies = (
			);
			name = BGCollectionView;
			productName = BGCollectionView;
			productReference = B85AD8A11BDCAFD000F346B1 /* BGCollectionView.app */;
			productType = "com.apple.product-type.application";
		};
		B85AD8B91BDCAFD000F346B1 /* BGCollectionViewTests */ = {
			isa = PBXNativeTarget;
			buildConfigurationList = B85AD8D11BDCAFD000F346B1 /* Build configuration list for PBXNativeTarget "BGCollectionViewTests" */;
			buildPhases = (
				B85AD8B61BDCAFD000F346B1 /* Sources */,
				B85AD8B71BDCAFD000F346B1 /* Frameworks */,
				B85AD8B81BDCAFD000F346B1 /* Resources */,
			);
			buildRules = (
			);
			dependencies = (
				B85AD8BC1BDCAFD000F346B1 /* PBXTargetDependency */,
			);
			name = BGCollectionViewTests;
			productName = BGCollectionViewTests;
			productReference = B85AD8BA1BDCAFD000F346B1 /* BGCollectionViewTests.xctest */;
			productType = "com.apple.product-type.bundle.unit-test";
		};
		B85AD8C41BDCAFD000F346B1 /* BGCollectionViewUITests */ = {
			isa = PBXNativeTarget;
			buildConfigurationList = B85AD8D41BDCAFD000F346B1 /* Build configuration list for PBXNativeTarget "BGCollectionViewUITests" */;
			buildPhases = (
				B85AD8C11BDCAFD000F346B1 /* Sources */,
				B85AD8C21BDCAFD000F346B1 /* Frameworks */,
				B85AD8C31BDCAFD000F346B1 /* Resources */,
			);
			buildRules = (
			);
			dependencies = (
				B85AD8C71BDCAFD000F346B1 /* PBXTargetDependency */,
			);
			name = BGCollectionViewUITests;
			productName = BGCollectionViewUITests;
			productReference = B85AD8C51BDCAFD000F346B1 /* BGCollectionViewUITests.xctest */;
			productType = "com.apple.product-type.bundle.ui-testing";
		};
/* End PBXNativeTarget section */

/* Begin PBXProject section */
		B85AD8991BDCAFD000F346B1 /* Project object */ = {
			isa = PBXProject;
			attributes = {
				LastUpgradeCheck = 0710;
				ORGANIZATIONNAME = FAL;
				TargetAttributes = {
					B85AD8A01BDCAFD000F346B1 = {
						CreatedOnToolsVersion = 7.1;
					};
					B85AD8B91BDCAFD000F346B1 = {
						CreatedOnToolsVersion = 7.1;
						TestTargetID = B85AD8A01BDCAFD000F346B1;
					};
					B85AD8C41BDCAFD000F346B1 = {
						CreatedOnToolsVersion = 7.1;
						TestTargetID = B85AD8A01BDCAFD000F346B1;
					};
				};
			};
			buildConfigurationList = B85AD89C1BDCAFD000F346B1 /* Build configuration list for PBXProject "BGCollectionView" */;
			compatibilityVersion = "Xcode 3.2";
			developmentRegion = English;
			hasScannedForEncodings = 0;
			knownRegions = (
				en,
				Base,
			);
			mainGroup = B85AD8981BDCAFD000F346B1;
			productRefGroup = B85AD8A21BDCAFD000F346B1 /* Products */;
			projectDirPath = "";
			projectRoot = "";
			targets = (
				B85AD8A01BDCAFD000F346B1 /* BGCollectionView */,
				B85AD8B91BDCAFD000F346B1 /* BGCollectionViewTests */,
				B85AD8C41BDCAFD000F346B1 /* BGCollectionViewUITests */,
			);
		};
/* End PBXProject section */

/* Begin PBXResourcesBuildPhase section */
		B85AD89F1BDCAFD000F346B1 /* Resources */ = {
			isa = PBXResourcesBuildPhase;
			buildActionMask = 2147483647;
			files = (
				B83B02851BDD2326009B12E4 /* blueArrow@2x.png in Resources */,
				B85AD8B11BDCAFD000F346B1 /* Assets.xcassets in Resources */,
				B83B02891BDD2326009B12E4 /* whiteArrow@2x.png in Resources */,
				B83B02821BDD2326009B12E4 /* blackArrow.png in Resources */,
				B83B02871BDD2326009B12E4 /* grayArrow@2x.png in Resources */,
				B83B02841BDD2326009B12E4 /* blueArrow.png in Resources */,
				B83B02831BDD2326009B12E4 /* blackArrow@2x.png in Resources */,
				B83B02861BDD2326009B12E4 /* grayArrow.png in Resources */,
				B83B02881BDD2326009B12E4 /* whiteArrow.png in Resources */,
				B83B02741BDD1F4D009B12E4 /* pic_url.plist in Resources */,
			);
			runOnlyForDeploymentPostprocessing = 0;
		};
		B85AD8B81BDCAFD000F346B1 /* Resources */ = {
			isa = PBXResourcesBuildPhase;
			buildActionMask = 2147483647;
			files = (
			);
			runOnlyForDeploymentPostprocessing = 0;
		};
		B85AD8C31BDCAFD000F346B1 /* Resources */ = {
			isa = PBXResourcesBuildPhase;
			buildActionMask = 2147483647;
			files = (
			);
			runOnlyForDeploymentPostprocessing = 0;
		};
/* End PBXResourcesBuildPhase section */

/* Begin PBXSourcesBuildPhase section */
		B85AD89D1BDCAFD000F346B1 /* Sources */ = {
			isa = PBXSourcesBuildPhase;
			buildActionMask = 2147483647;
			files = (
				B83B026F1BDD1561009B12E4 /* UIImageView+WebCache.m in Sources */,
				B83B026B1BDD1561009B12E4 /* UIImage+GIF.m in Sources */,
				B83B02641BDD1561009B12E4 /* SDWebImageCompat.m in Sources */,
				B8BDBA141BE7C98A00F3FBCE /* BGCollectionView.m in Sources */,
				B83B026A1BDD1561009B12E4 /* UIButton+WebCache.m in Sources */,
				B8BDBA151BE7C98A00F3FBCE /* BGCollectionViewCell.m in Sources */,
				B83B026C1BDD1561009B12E4 /* UIImage+MultiFormat.m in Sources */,
				B83B02691BDD1561009B12E4 /* SDWebImagePrefetcher.m in Sources */,
				B83B02701BDD1561009B12E4 /* UIView+WebCacheOperation.m in Sources */,
				B83B02611BDD1561009B12E4 /* MKAnnotationView+WebCache.m in Sources */,
				B83B026D1BDD1561009B12E4 /* UIImage+WebP.m in Sources */,
				B85AD8AC1BDCAFD000F346B1 /* RootViewController.m in Sources */,
				B83B02671BDD1561009B12E4 /* SDWebImageDownloaderOperation.m in Sources */,
				B8BDBA161BE7C98A00F3FBCE /* BGCollectionViewFlowLayout.m in Sources */,
				B83B02811BDD2326009B12E4 /* EGORefreshTableHeaderView.m in Sources */,
				B83B02651BDD1561009B12E4 /* SDWebImageDecoder.m in Sources */,
				B83B026E1BDD1561009B12E4 /* UIImageView+HighlightedWebCache.m in Sources */,
				B83B02621BDD1561009B12E4 /* NSData+ImageContentType.m in Sources */,
				B83B02661BDD1561009B12E4 /* SDWebImageDownloader.m in Sources */,
				B83B022F1BDCC927009B12E4 /* UIView+Extra.m in Sources */,
				B85AD8A91BDCAFD000F346B1 /* AppDelegate.m in Sources */,
				B85AD8A61BDCAFD000F346B1 /* main.m in Sources */,
				B83B02681BDD1561009B12E4 /* SDWebImageManager.m in Sources */,
				B83B02631BDD1561009B12E4 /* SDImageCache.m in Sources */,
			);
			runOnlyForDeploymentPostprocessing = 0;
		};
		B85AD8B61BDCAFD000F346B1 /* Sources */ = {
			isa = PBXSourcesBuildPhase;
			buildActionMask = 2147483647;
			files = (
				B85AD8BF1BDCAFD000F346B1 /* BGCollectionViewTests.m in Sources */,
			);
			runOnlyForDeploymentPostprocessing = 0;
		};
		B85AD8C11BDCAFD000F346B1 /* Sources */ = {
			isa = PBXSourcesBuildPhase;
			buildActionMask = 2147483647;
			files = (
				B85AD8CA1BDCAFD000F346B1 /* BGCollectionViewUITests.m in Sources */,
			);
			runOnlyForDeploymentPostprocessing = 0;
		};
/* End PBXSourcesBuildPhase section */

/* Begin PBXTargetDependency section */
		B85AD8BC1BDCAFD000F346B1 /* PBXTargetDependency */ = {
			isa = PBXTargetDependency;
			target = B85AD8A01BDCAFD000F346B1 /* BGCollectionView */;
			targetProxy = B85AD8BB1BDCAFD000F346B1 /* PBXContainerItemProxy */;
		};
		B85AD8C71BDCAFD000F346B1 /* PBXTargetDependency */ = {
			isa = PBXTargetDependency;
			target = B85AD8A01BDCAFD000F346B1 /* BGCollectionView */;
			targetProxy = B85AD8C61BDCAFD000F346B1 /* PBXContainerItemProxy */;
		};
/* End PBXTargetDependency section */

/* Begin XCBuildConfiguration section */
		B85AD8CC1BDCAFD000F346B1 /* Debug */ = {
			isa = XCBuildConfiguration;
			buildSettings = {
				ALWAYS_SEARCH_USER_PATHS = NO;
				CLANG_CXX_LANGUAGE_STANDARD = "gnu++0x";
				CLANG_CXX_LIBRARY = "libc++";
				CLANG_ENABLE_MODULES = YES;
				CLANG_ENABLE_OBJC_ARC = YES;
				CLANG_WARN_BOOL_CONVERSION = YES;
				CLANG_WARN_CONSTANT_CONVERSION = YES;
				CLANG_WARN_DIRECT_OBJC_ISA_USAGE = YES_ERROR;
				CLANG_WARN_EMPTY_BODY = YES;
				CLANG_WARN_ENUM_CONVERSION = YES;
				CLANG_WARN_INT_CONVERSION = YES;
				CLANG_WARN_OBJC_ROOT_CLASS = YES_ERROR;
				CLANG_WARN_UNREACHABLE_CODE = YES;
				CLANG_WARN__DUPLICATE_METHOD_MATCH = YES;
				"CODE_SIGN_IDENTITY[sdk=iphoneos*]" = "iPhone Developer";
				COPY_PHASE_STRIP = NO;
				DEBUG_INFORMATION_FORMAT = dwarf;
				ENABLE_STRICT_OBJC_MSGSEND = YES;
				ENABLE_TESTABILITY = YES;
				GCC_C_LANGUAGE_STANDARD = gnu99;
				GCC_DYNAMIC_NO_PIC = NO;
				GCC_NO_COMMON_BLOCKS = YES;
				GCC_OPTIMIZATION_LEVEL = 0;
				GCC_PREPROCESSOR_DEFINITIONS = (
					"DEBUG=1",
					"$(inherited)",
				);
				GCC_WARN_64_TO_32_BIT_CONVERSION = YES;
				GCC_WARN_ABOUT_RETURN_TYPE = YES_ERROR;
				GCC_WARN_UNDECLARED_SELECTOR = YES;
				GCC_WARN_UNINITIALIZED_AUTOS = YES_AGGRESSIVE;
				GCC_WARN_UNUSED_FUNCTION = YES;
				GCC_WARN_UNUSED_VARIABLE = YES;
				IPHONEOS_DEPLOYMENT_TARGET = 9.1;
				MTL_ENABLE_DEBUG_INFO = YES;
				ONLY_ACTIVE_ARCH = YES;
				SDKROOT = iphoneos;
			};
			name = Debug;
		};
		B85AD8CD1BDCAFD000F346B1 /* Release */ = {
			isa = XCBuildConfiguration;
			buildSettings = {
				ALWAYS_SEARCH_USER_PATHS = NO;
				CLANG_CXX_LANGUAGE_STANDARD = "gnu++0x";
				CLANG_CXX_LIBRARY = "libc++";
				CLANG_ENABLE_MODULES = YES;
				CLANG_ENABLE_OBJC_ARC = YES;
				CLANG_WARN_BOOL_CONVERSION = YES;
				CLANG_WARN_CONSTANT_CONVERSION = YES;
				CLANG_WARN_DIRECT_OBJC_ISA_USAGE = YES_ERROR;
				CLANG_WARN_EMPTY_BODY = YES;
				CLANG_WARN_ENUM_CONVERSION = YES;
				CLANG_WARN_INT_CONVERSION = YES;
				CLANG_WARN_OBJC_ROOT_CLASS = YES_ERROR;
				CLANG_WARN_UNREACHABLE_CODE = YES;
				CLANG_WARN__DUPLICATE_METHOD_MATCH = YES;
				"CODE_SIGN_IDENTITY[sdk=iphoneos*]" = "iPhone Developer";
				COPY_PHASE_STRIP = NO;
				DEBUG_INFORMATION_FORMAT = "dwarf-with-dsym";
				ENABLE_NS_ASSERTIONS = NO;
				ENABLE_STRICT_OBJC_MSGSEND = YES;
				GCC_C_LANGUAGE_STANDARD = gnu99;
				GCC_NO_COMMON_BLOCKS = YES;
				GCC_WARN_64_TO_32_BIT_CONVERSION = YES;
				GCC_WARN_ABOUT_RETURN_TYPE = YES_ERROR;
				GCC_WARN_UNDECLARED_SELECTOR = YES;
				GCC_WARN_UNINITIALIZED_AUTOS = YES_AGGRESSIVE;
				GCC_WARN_UNUSED_FUNCTION = YES;
				GCC_WARN_UNUSED_VARIABLE = YES;
				IPHONEOS_DEPLOYMENT_TARGET = 9.1;
				MTL_ENABLE_DEBUG_INFO = NO;
				SDKROOT = iphoneos;
				VALIDATE_PRODUCT = YES;
			};
			name = Release;
		};
		B85AD8CF1BDCAFD000F346B1 /* Debug */ = {
			isa = XCBuildConfiguration;
			buildSettings = {
				ASSETCATALOG_COMPILER_APPICON_NAME = AppIcon;
				ASSETCATALOG_COMPILER_LAUNCHIMAGE_NAME = LaunchImage;
				GCC_PREFIX_HEADER = "BGCollectionView/BGCollectionView-Prefix.pch";
				INFOPLIST_FILE = BGCollectionView/Info.plist;
				IPHONEOS_DEPLOYMENT_TARGET = 7.0;
				LD_RUNPATH_SEARCH_PATHS = "$(inherited) @executable_path/Frameworks";
				PRODUCT_BUNDLE_IDENTIFIER = "com.FAL-inc.BGCollectionView";
				PRODUCT_NAME = "$(TARGET_NAME)";
				TARGETED_DEVICE_FAMILY = 1;
			};
			name = Debug;
		};
		B85AD8D01BDCAFD000F346B1 /* Release */ = {
			isa = XCBuildConfiguration;
			buildSettings = {
				ASSETCATALOG_COMPILER_APPICON_NAME = AppIcon;
				ASSETCATALOG_COMPILER_LAUNCHIMAGE_NAME = LaunchImage;
				GCC_PREFIX_HEADER = "BGCollectionView/BGCollectionView-Prefix.pch";
				INFOPLIST_FILE = BGCollectionView/Info.plist;
				IPHONEOS_DEPLOYMENT_TARGET = 7.0;
				LD_RUNPATH_SEARCH_PATHS = "$(inherited) @executable_path/Frameworks";
				PRODUCT_BUNDLE_IDENTIFIER = "com.FAL-inc.BGCollectionView";
				PRODUCT_NAME = "$(TARGET_NAME)";
				TARGETED_DEVICE_FAMILY = 1;
			};
			name = Release;
		};
		B85AD8D21BDCAFD000F346B1 /* Debug */ = {
			isa = XCBuildConfiguration;
			buildSettings = {
				BUNDLE_LOADER = "$(TEST_HOST)";
				INFOPLIST_FILE = BGCollectionViewTests/Info.plist;
				LD_RUNPATH_SEARCH_PATHS = "$(inherited) @executable_path/Frameworks @loader_path/Frameworks";
				PRODUCT_BUNDLE_IDENTIFIER = "com.FAL-inc.BGCollectionViewTests";
				PRODUCT_NAME = "$(TARGET_NAME)";
				TEST_HOST = "$(BUILT_PRODUCTS_DIR)/BGCollectionView.app/BGCollectionView";
			};
			name = Debug;
		};
		B85AD8D31BDCAFD000F346B1 /* Release */ = {
			isa = XCBuildConfiguration;
			buildSettings = {
				BUNDLE_LOADER = "$(TEST_HOST)";
				INFOPLIST_FILE = BGCollectionViewTests/Info.plist;
				LD_RUNPATH_SEARCH_PATHS = "$(inherited) @executable_path/Frameworks @loader_path/Frameworks";
				PRODUCT_BUNDLE_IDENTIFIER = "com.FAL-inc.BGCollectionViewTests";
				PRODUCT_NAME = "$(TARGET_NAME)";
				TEST_HOST = "$(BUILT_PRODUCTS_DIR)/BGCollectionView.app/BGCollectionView";
			};
			name = Release;
		};
		B85AD8D51BDCAFD000F346B1 /* Debug */ = {
			isa = XCBuildConfiguration;
			buildSettings = {
				INFOPLIST_FILE = BGCollectionViewUITests/Info.plist;
				LD_RUNPATH_SEARCH_PATHS = "$(inherited) @executable_path/Frameworks @loader_path/Frameworks";
				PRODUCT_BUNDLE_IDENTIFIER = "com.FAL-inc.BGCollectionViewUITests";
				PRODUCT_NAME = "$(TARGET_NAME)";
				TEST_TARGET_NAME = BGCollectionView;
				USES_XCTRUNNER = YES;
			};
			name = Debug;
		};
		B85AD8D61BDCAFD000F346B1 /* Release */ = {
			isa = XCBuildConfiguration;
			buildSettings = {
				INFOPLIST_FILE = BGCollectionViewUITests/Info.plist;
				LD_RUNPATH_SEARCH_PATHS = "$(inherited) @executable_path/Frameworks @loader_path/Frameworks";
				PRODUCT_BUNDLE_IDENTIFIER = "com.FAL-inc.BGCollectionViewUITests";
				PRODUCT_NAME = "$(TARGET_NAME)";
				TEST_TARGET_NAME = BGCollectionView;
				USES_XCTRUNNER = YES;
			};
			name = Release;
		};
/* End XCBuildConfiguration section */

/* Begin XCConfigurationList section */
		B85AD89C1BDCAFD000F346B1 /* Build configuration list for PBXProject "BGCollectionView" */ = {
			isa = XCConfigurationList;
			buildConfigurations = (
				B85AD8CC1BDCAFD000F346B1 /* Debug */,
				B85AD8CD1BDCAFD000F346B1 /* Release */,
			);
			defaultConfigurationIsVisible = 0;
			defaultConfigurationName = Release;
		};
		B85AD8CE1BDCAFD000F346B1 /* Build configuration list for PBXNativeTarget "BGCollectionView" */ = {
			isa = XCConfigurationList;
			buildConfigurations = (
				B85AD8CF1BDCAFD000F346B1 /* Debug */,
				B85AD8D01BDCAFD000F346B1 /* Release */,
			);
			defaultConfigurationIsVisible = 0;
			defaultConfigurationName = Release;
		};
		B85AD8D11BDCAFD000F346B1 /* Build configuration list for PBXNativeTarget "BGCollectionViewTests" */ = {
			isa = XCConfigurationList;
			buildConfigurations = (
				B85AD8D21BDCAFD000F346B1 /* Debug */,
				B85AD8D31BDCAFD000F346B1 /* Release */,
			);
			defaultConfigurationIsVisible = 0;
			defaultConfigurationName = Release;
		};
		B85AD8D41BDCAFD000F346B1 /* Build configuration list for PBXNativeTarget "BGCollectionViewUITests" */ = {
			isa = XCConfigurationList;
			buildConfigurations = (
				B85AD8D51BDCAFD000F346B1 /* Debug */,
				B85AD8D61BDCAFD000F346B1 /* Release */,
			);
			defaultConfigurationIsVisible = 0;
			defaultConfigurationName = Release;
		};
/* End XCConfigurationList section */
	};
	rootObject = B85AD8991BDCAFD000F346B1 /* Project object */;
}
